
Microsoft Visual Studio Solution File, Format Version 12.00
# Visual Studio Version 16
VisualStudioVersion = 16.0.29009.5
MinimumVisualStudioVersion = 10.0.40219.1
Project("{FAE04EC0-301F-11D3-BF4B-00C04F79EFBC}") = "ExcelJob", "ExcelJob.csproj", "{DFB5F8E8-CF89-411D-B056-2C0C31D0AF09}"
EndProject
Global
	GlobalSection(SolutionConfigurationPlatforms) = preSolution
		Debug|Any CPU = Debug|Any CPU
		Release|Any CPU = Release|Any CPU
	EndGlobalSection
	GlobalSection(ProjectConfigurationPlatforms) = postSolution
		{DFB5F8E8-CF89-411D-B056-2C0C31D0AF09}.Debug|Any CPU.ActiveCfg = Debug|Any CPU
		{DFB5F8E8-CF89-411D-B056-2C0C31D0AF09}.Debug|Any CPU.Build.0 = Debug|Any CPU
		{DFB5F8E8-CF89-411D-B056-2C0C31D0AF09}.Release|Any CPU.ActiveCfg = Release|Any CPU
		{DFB5F8E8-CF89-411D-B056-2C0C31D0AF09}.Release|Any CPU.Build.0 = Release|Any CPU
	EndGlobalSection
	GlobalSection(SolutionProperties) = preSolution
		HideSolutionNode = FALSE
	EndGlobalSection
	GlobalSection(ExtensibilityGlobals) = postSolution
		SolutionGuid = {A76A8F1E-0EFB-4B46-AB4E-E0A7D102504C}
	EndGlobalSection
EndGlobal
